
Microsoft Visual Studio Solution File, Format Version 12.00
# Visual Studio Version 17
VisualStudioVersion = 17.8.34511.84
MinimumVisualStudioVersion = 10.0.40219.1
Project("{FAE04EC0-301F-11D3-BF4B-00C04F79EFBC}") = "Inventory-app", "Inventory-app\Inventory-app.csproj", "{FCE02EF3-F3D6-4322-8741-A8F671D81420}"
EndProject
Global
	GlobalSection(SolutionConfigurationPlatforms) = preSolution
		Debug|Any CPU = Debug|Any CPU
		Release|Any CPU = Release|Any CPU
	EndGlobalSection
	GlobalSection(ProjectConfigurationPlatforms) = postSolution
		{FCE02EF3-F3D6-4322-8741-A8F671D81420}.Debug|Any CPU.ActiveCfg = Debug|Any CPU
		{FCE02EF3-F3D6-4322-8741-A8F671D81420}.Debug|Any CPU.Build.0 = Debug|Any CPU
		{FCE02EF3-F3D6-4322-8741-A8F671D81420}.Release|Any CPU.ActiveCfg = Release|Any CPU
		{FCE02EF3-F3D6-4322-8741-A8F671D81420}.Release|Any CPU.Build.0 = Release|Any CPU
	EndGlobalSection
	GlobalSection(SolutionProperties) = preSolution
		HideSolutionNode = FALSE
	EndGlobalSection
	GlobalSection(ExtensibilityGlobals) = postSolution
		SolutionGuid = {AC532B6C-7305-443E-8014-AF800C529571}
	EndGlobalSection
EndGlobal
